
Microsoft Visual Studio Solution File, Format Version 12.00
# Visual Studio Version 16
VisualStudioVersion = 16.0.31624.102
MinimumVisualStudioVersion = 10.0.40219.1
Project("{FAE04EC0-301F-11D3-BF4B-00C04F79EFBC}") = "Tech Assignment 1 - Simple Console App", "Tech Assignment 1 - Simple Console App.csproj", "{B4A90B7C-8C1D-43DC-9E2F-F9E3239EAA2C}"
EndProject
Global
	GlobalSection(SolutionConfigurationPlatforms) = preSolution
		Debug|Any CPU = Debug|Any CPU
		Release|Any CPU = Release|Any CPU
	EndGlobalSection
	GlobalSection(ProjectConfigurationPlatforms) = postSolution
		{B4A90B7C-8C1D-43DC-9E2F-F9E3239EAA2C}.Debug|Any CPU.ActiveCfg = Debug|Any CPU
		{B4A90B7C-8C1D-43DC-9E2F-F9E3239EAA2C}.Debug|Any CPU.Build.0 = Debug|Any CPU
		{B4A90B7C-8C1D-43DC-9E2F-F9E3239EAA2C}.Release|Any CPU.ActiveCfg = Release|Any CPU
		{B4A90B7C-8C1D-43DC-9E2F-F9E3239EAA2C}.Release|Any CPU.Build.0 = Release|Any CPU
	EndGlobalSection
	GlobalSection(SolutionProperties) = preSolution
		HideSolutionNode = FALSE
	EndGlobalSection
	GlobalSection(ExtensibilityGlobals) = postSolution
		SolutionGuid = {6CCA1E4C-4980-44C8-BC85-611352114A8E}
	EndGlobalSection
EndGlobal
